
Microsoft Visual Studio Solution File, Format Version 12.00
# Visual Studio 14
VisualStudioVersion = 14.0.25420.1
MinimumVisualStudioVersion = 10.0.40219.1
Project("{FAE04EC0-301F-11D3-BF4B-00C04F79EFBC}") = "SSOServer", "projects\SSOServer\SSOServer.csproj", "{7D6C30DA-6C5A-4A3C-9AFA-821A1430F03B}"
EndProject
Project("{E24C65DC-7377-472B-9ABA-BC803B73C61A}") = "JSClient", "projects\JSClient\", "{35411AB7-FEE2-420A-B2AB-9AB97C586B57}"
	ProjectSection(WebsiteProperties) = preProject
		TargetFrameworkMoniker = ".NETFramework,Version%3Dv4.5.2"
		Debug.AspNetCompiler.VirtualPath = "/localhost_5607"
		Debug.AspNetCompiler.PhysicalPath = "projects\JSClient\"
		Debug.AspNetCompiler.TargetPath = "PrecompiledWeb\localhost_5607\"
		Debug.AspNetCompiler.Updateable = "true"
		Debug.AspNetCompiler.ForceOverwrite = "true"
		Debug.AspNetCompiler.FixedNames = "false"
		Debug.AspNetCompiler.Debug = "True"
		Release.AspNetCompiler.VirtualPath = "/localhost_5607"
		Release.AspNetCompiler.PhysicalPath = "projects\JSClient\"
		Release.AspNetCompiler.TargetPath = "PrecompiledWeb\localhost_5607\"
		Release.AspNetCompiler.Updateable = "true"
		Release.AspNetCompiler.ForceOverwrite = "true"
		Release.AspNetCompiler.FixedNames = "false"
		Release.AspNetCompiler.Debug = "False"
		VWDPort = "5607"
		SlnRelativePath = "projects\JSClient\"
		DefaultWebSiteLanguage = "Visual C#"
	EndProjectSection
EndProject
Project("{FAE04EC0-301F-11D3-BF4B-00C04F79EFBC}") = "MVCClient", "projects\MVCClient\MVCClient.csproj", "{FEC32AC1-5067-49E8-88D2-1FE845621AC6}"
EndProject
Project("{FAE04EC0-301F-11D3-BF4B-00C04F79EFBC}") = "WebformClient", "projects\WebformClient\WebformClient.csproj", "{E62FB2A2-DE0B-4210-9CBC-AAE07AAFD75B}"
EndProject
Global
	GlobalSection(SolutionConfigurationPlatforms) = preSolution
		Debug|Any CPU = Debug|Any CPU
		Release|Any CPU = Release|Any CPU
	EndGlobalSection
	GlobalSection(ProjectConfigurationPlatforms) = postSolution
		{7D6C30DA-6C5A-4A3C-9AFA-821A1430F03B}.Debug|Any CPU.ActiveCfg = Debug|Any CPU
		{7D6C30DA-6C5A-4A3C-9AFA-821A1430F03B}.Debug|Any CPU.Build.0 = Debug|Any CPU
		{7D6C30DA-6C5A-4A3C-9AFA-821A1430F03B}.Release|Any CPU.ActiveCfg = Release|Any CPU
		{7D6C30DA-6C5A-4A3C-9AFA-821A1430F03B}.Release|Any CPU.Build.0 = Release|Any CPU
		{35411AB7-FEE2-420A-B2AB-9AB97C586B57}.Debug|Any CPU.ActiveCfg = Debug|Any CPU
		{35411AB7-FEE2-420A-B2AB-9AB97C586B57}.Debug|Any CPU.Build.0 = Debug|Any CPU
		{35411AB7-FEE2-420A-B2AB-9AB97C586B57}.Release|Any CPU.ActiveCfg = Debug|Any CPU
		{35411AB7-FEE2-420A-B2AB-9AB97C586B57}.Release|Any CPU.Build.0 = Debug|Any CPU
		{FEC32AC1-5067-49E8-88D2-1FE845621AC6}.Debug|Any CPU.ActiveCfg = Debug|Any CPU
		{FEC32AC1-5067-49E8-88D2-1FE845621AC6}.Debug|Any CPU.Build.0 = Debug|Any CPU
		{FEC32AC1-5067-49E8-88D2-1FE845621AC6}.Release|Any CPU.ActiveCfg = Release|Any CPU
		{FEC32AC1-5067-49E8-88D2-1FE845621AC6}.Release|Any CPU.Build.0 = Release|Any CPU
		{E62FB2A2-DE0B-4210-9CBC-AAE07AAFD75B}.Debug|Any CPU.ActiveCfg = Debug|Any CPU
		{E62FB2A2-DE0B-4210-9CBC-AAE07AAFD75B}.Debug|Any CPU.Build.0 = Debug|Any CPU
		{E62FB2A2-DE0B-4210-9CBC-AAE07AAFD75B}.Release|Any CPU.ActiveCfg = Release|Any CPU
		{E62FB2A2-DE0B-4210-9CBC-AAE07AAFD75B}.Release|Any CPU.Build.0 = Release|Any CPU
	EndGlobalSection
	GlobalSection(SolutionProperties) = preSolution
		HideSolutionNode = FALSE
	EndGlobalSection
EndGlobal
